// !$*UTF8*$!
{
	archiveVersion = 1;
	classes = {
	};
	objectVersion = 56;
	objects = {

/* Begin PBXBuildFile section */
		FF3484B82A9F6A3900C6CCFF /* ex01App.swift in Sources */ = {isa = PBXBuildFile; fileRef = FF3484B72A9F6A3900C6CCFF /* ex01App.swift */; };
		FF3484BA2A9F6A3900C6CCFF /* ContentView.swift in Sources */ = {isa = PBXBuildFile; fileRef = FF3484B92A9F6A3900C6CCFF /* ContentView.swift */; };
		FF3484BC2A9F6A3A00C6CCFF /* Assets.xcassets in Resources */ = {isa = PBXBuildFile; fileRef = FF3484BB2A9F6A3A00C6CCFF /* Assets.xcassets */; };
		FF3484BF2A9F6A3A00C6CCFF /* Preview Assets.xcassets in Resources */ = {isa = PBXBuildFile; fileRef = FF3484BE2A9F6A3A00C6CCFF /* Preview Assets.xcassets */; };
		FF3484C92A9F6A3A00C6CCFF /* ex01Tests.swift in Sources */ = {isa = PBXBuildFile; fileRef = FF3484C82A9F6A3A00C6CCFF /* ex01Tests.swift */; };
		FF3484D32A9F6A3A00C6CCFF /* ex01UITests.swift in Sources */ = {isa = PBXBuildFile; fileRef = FF3484D22A9F6A3A00C6CCFF /* ex01UITests.swift */; };
		FF3484D52A9F6A3A00C6CCFF /* ex01UITestsLaunchTests.swift in Sources */ = {isa = PBXBuildFile; fileRef = FF3484D42A9F6A3A00C6CCFF /* ex01UITestsLaunchTests.swift */; };
/* End PBXBuildFile section */

/* Begin PBXContainerItemProxy section */
		FF3484C52A9F6A3A00C6CCFF /* PBXContainerItemProxy */ = {
			isa = PBXContainerItemProxy;
			containerPortal = FF3484AC2A9F6A3900C6CCFF /* Project object */;
			proxyType = 1;
			remoteGlobalIDString = FF3484B32A9F6A3900C6CCFF;
			remoteInfo = ex01;
		};
		FF3484CF2A9F6A3A00C6CCFF /* PBXContainerItemProxy */ = {
			isa = PBXContainerItemProxy;
			containerPortal = FF3484AC2A9F6A3900C6CCFF /* Project object */;
			proxyType = 1;
			remoteGlobalIDString = FF3484B32A9F6A3900C6CCFF;
			remoteInfo = ex01;
		};
/* End PBXContainerItemProxy section */

/* Begin PBXFileReference section */
		FF3484B42A9F6A3900C6CCFF /* ex01.app */ = {isa = PBXFileReference; explicitFileType = wrapper.application; includeInIndex = 0; path = ex01.app; sourceTree = BUILT_PRODUCTS_DIR; };
		FF3484B72A9F6A3900C6CCFF /* ex01App.swift */ = {isa = PBXFileReference; lastKnownFileType = sourcecode.swift; path = ex01App.swift; sourceTree = "<group>"; };
		FF3484B92A9F6A3900C6CCFF /* ContentView.swift */ = {isa = PBXFileReference; lastKnownFileType = sourcecode.swift; path = ContentView.swift; sourceTree = "<group>"; };
		FF3484BB2A9F6A3A00C6CCFF /* Assets.xcassets */ = {isa = PBXFileReference; lastKnownFileType = folder.assetcatalog; path = Assets.xcassets; sourceTree = "<group>"; };
		FF3484BE2A9F6A3A00C6CCFF /* Preview Assets.xcassets */ = {isa = PBXFileReference; lastKnownFileType = folder.assetcatalog; path = "Preview Assets.xcassets"; sourceTree = "<group>"; };
		FF3484C42A9F6A3A00C6CCFF /* ex01Tests.xctest */ = {isa = PBXFileReference; explicitFileType = wrapper.cfbundle; includeInIndex = 0; path = ex01Tests.xctest; sourceTree = BUILT_PRODUCTS_DIR; };
		FF3484C82A9F6A3A00C6CCFF /* ex01Tests.swift */ = {isa = PBXFileReference; lastKnownFileType = sourcecode.swift; path = ex01Tests.swift; sourceTree = "<group>"; };
		FF3484CE2A9F6A3A00C6CCFF /* ex01UITests.xctest */ = {isa = PBXFileReference; explicitFileType = wrapper.cfbundle; includeInIndex = 0; path = ex01UITests.xctest; sourceTree = BUILT_PRODUCTS_DIR; };
		FF3484D22A9F6A3A00C6CCFF /* ex01UITests.swift */ = {isa = PBXFileReference; lastKnownFileType = sourcecode.swift; path = ex01UITests.swift; sourceTree = "<group>"; };
		FF3484D42A9F6A3A00C6CCFF /* ex01UITestsLaunchTests.swift */ = {isa = PBXFileReference; lastKnownFileType = sourcecode.swift; path = ex01UITestsLaunchTests.swift; sourceTree = "<group>"; };
/* End PBXFileReference section */

/* Begin PBXFrameworksBuildPhase section */
		FF3484B12A9F6A3900C6CCFF /* Frameworks */ = {
			isa = PBXFrameworksBuildPhase;
			buildActionMask = 2147483647;
			files = (
			);
			runOnlyForDeploymentPostprocessing = 0;
		};
		FF3484C12A9F6A3A00C6CCFF /* Frameworks */ = {
			isa = PBXFrameworksBuildPhase;
			buildActionMask = 2147483647;
			files = (
			);
			runOnlyForDeploymentPostprocessing = 0;
		};
		FF3484CB2A9F6A3A00C6CCFF /* Frameworks */ = {
			isa = PBXFrameworksBuildPhase;
			buildActionMask = 2147483647;
			files = (
			);
			runOnlyForDeploymentPostprocessing = 0;
		};
/* End PBXFrameworksBuildPhase section */

/* Begin PBXGroup section */
		FF3484AB2A9F6A3900C6CCFF = {
			isa = PBXGroup;
			children = (
				FF3484B62A9F6A3900C6CCFF /* ex01 */,
				FF3484C72A9F6A3A00C6CCFF /* ex01Tests */,
				FF3484D12A9F6A3A00C6CCFF /* ex01UITests */,
				FF3484B52A9F6A3900C6CCFF /* Products */,
			);
			sourceTree = "<group>";
		};
		FF3484B52A9F6A3900C6CCFF /* Products */ = {
			isa = PBXGroup;
			children = (
				FF3484B42A9F6A3900C6CCFF /* ex01.app */,
				FF3484C42A9F6A3A00C6CCFF /* ex01Tests.xctest */,
				FF3484CE2A9F6A3A00C6CCFF /* ex01UITests.xctest */,
			);
			name = Products;
			sourceTree = "<group>";
		};
		FF3484B62A9F6A3900C6CCFF /* ex01 */ = {
			isa = PBXGroup;
			children = (
				FF3484B72A9F6A3900C6CCFF /* ex01App.swift */,
				FF3484B92A9F6A3900C6CCFF /* ContentView.swift */,
				FF3484BB2A9F6A3A00C6CCFF /* Assets.xcassets */,
				FF3484BD2A9F6A3A00C6CCFF /* Preview Content */,
			);
			path = ex01;
			sourceTree = "<group>";
		};
		FF3484BD2A9F6A3A00C6CCFF /* Preview Content */ = {
			isa = PBXGroup;
			children = (
				FF3484BE2A9F6A3A00C6CCFF /* Preview Assets.xcassets */,
			);
			path = "Preview Content";
			sourceTree = "<group>";
		};
		FF3484C72A9F6A3A00C6CCFF /* ex01Tests */ = {
			isa = PBXGroup;
			children = (
				FF3484C82A9F6A3A00C6CCFF /* ex01Tests.swift */,
			);
			path = ex01Tests;
			sourceTree = "<group>";
		};
		FF3484D12A9F6A3A00C6CCFF /* ex01UITests */ = {
			isa = PBXGroup;
			children = (
				FF3484D22A9F6A3A00C6CCFF /* ex01UITests.swift */,
				FF3484D42A9F6A3A00C6CCFF /* ex01UITestsLaunchTests.swift */,
			);
			path = ex01UITests;
			sourceTree = "<group>";
		};
/* End PBXGroup section */

/* Begin PBXNativeTarget section */
		FF3484B32A9F6A3900C6CCFF /* ex01 */ = {
			isa = PBXNativeTarget;
			buildConfigurationList = FF3484D82A9F6A3A00C6CCFF /* Build configuration list for PBXNativeTarget "ex01" */;
			buildPhases = (
				FF3484B02A9F6A3900C6CCFF /* Sources */,
				FF3484B12A9F6A3900C6CCFF /* Frameworks */,
				FF3484B22A9F6A3900C6CCFF /* Resources */,
			);
			buildRules = (
			);
			dependencies = (
			);
			name = ex01;
			productName = ex01;
			productReference = FF3484B42A9F6A3900C6CCFF /* ex01.app */;
			productType = "com.apple.product-type.application";
		};
		FF3484C32A9F6A3A00C6CCFF /* ex01Tests */ = {
			isa = PBXNativeTarget;
			buildConfigurationList = FF3484DB2A9F6A3A00C6CCFF /* Build configuration list for PBXNativeTarget "ex01Tests" */;
			buildPhases = (
				FF3484C02A9F6A3A00C6CCFF /* Sources */,
				FF3484C12A9F6A3A00C6CCFF /* Frameworks */,
				FF3484C22A9F6A3A00C6CCFF /* Resources */,
			);
			buildRules = (
			);
			dependencies = (
				FF3484C62A9F6A3A00C6CCFF /* PBXTargetDependency */,
			);
			name = ex01Tests;
			productName = ex01Tests;
			productReference = FF3484C42A9F6A3A00C6CCFF /* ex01Tests.xctest */;
			productType = "com.apple.product-type.bundle.unit-test";
		};
		FF3484CD2A9F6A3A00C6CCFF /* ex01UITests */ = {
			isa = PBXNativeTarget;
			buildConfigurationList = FF3484DE2A9F6A3A00C6CCFF /* Build configuration list for PBXNativeTarget "ex01UITests" */;
			buildPhases = (
				FF3484CA2A9F6A3A00C6CCFF /* Sources */,
				FF3484CB2A9F6A3A00C6CCFF /* Frameworks */,
				FF3484CC2A9F6A3A00C6CCFF /* Resources */,
			);
			buildRules = (
			);
			dependencies = (
				FF3484D02A9F6A3A00C6CCFF /* PBXTargetDependency */,
			);
			name = ex01UITests;
			productName = ex01UITests;
			productReference = FF3484CE2A9F6A3A00C6CCFF /* ex01UITests.xctest */;
			productType = "com.apple.product-type.bundle.ui-testing";
		};
/* End PBXNativeTarget section */

/* Begin PBXProject section */
		FF3484AC2A9F6A3900C6CCFF /* Project object */ = {
			isa = PBXProject;
			attributes = {
				BuildIndependentTargetsInParallel = 1;
				LastSwiftUpdateCheck = 1430;
				LastUpgradeCheck = 1430;
				TargetAttributes = {
					FF3484B32A9F6A3900C6CCFF = {
						CreatedOnToolsVersion = 14.3.1;
					};
					FF3484C32A9F6A3A00C6CCFF = {
						CreatedOnToolsVersion = 14.3.1;
						TestTargetID = FF3484B32A9F6A3900C6CCFF;
					};
					FF3484CD2A9F6A3A00C6CCFF = {
						CreatedOnToolsVersion = 14.3.1;
						TestTargetID = FF3484B32A9F6A3900C6CCFF;
					};
				};
			};
			buildConfigurationList = FF3484AF2A9F6A3900C6CCFF /* Build configuration list for PBXProject "ex01" */;
			compatibilityVersion = "Xcode 14.0";
			developmentRegion = en;
			hasScannedForEncodings = 0;
			knownRegions = (
				en,
				Base,
			);
			mainGroup = FF3484AB2A9F6A3900C6CCFF;
			productRefGroup = FF3484B52A9F6A3900C6CCFF /* Products */;
			projectDirPath = "";
			projectRoot = "";
			targets = (
				FF3484B32A9F6A3900C6CCFF /* ex01 */,
				FF3484C32A9F6A3A00C6CCFF /* ex01Tests */,
				FF3484CD2A9F6A3A00C6CCFF /* ex01UITests */,
			);
		};
/* End PBXProject section */

/* Begin PBXResourcesBuildPhase section */
		FF3484B22A9F6A3900C6CCFF /* Resources */ = {
			isa = PBXResourcesBuildPhase;
			buildActionMask = 2147483647;
			files = (
				FF3484BF2A9F6A3A00C6CCFF /* Preview Assets.xcassets in Resources */,
				FF3484BC2A9F6A3A00C6CCFF /* Assets.xcassets in Resources */,
			);
			runOnlyForDeploymentPostprocessing = 0;
		};
		FF3484C22A9F6A3A00C6CCFF /* Resources */ = {
			isa = PBXResourcesBuildPhase;
			buildActionMask = 2147483647;
			files = (
			);
			runOnlyForDeploymentPostprocessing = 0;
		};
		FF3484CC2A9F6A3A00C6CCFF /* Resources */ = {
			isa = PBXResourcesBuildPhase;
			buildActionMask = 2147483647;
			files = (
			);
			runOnlyForDeploymentPostprocessing = 0;
		};
/* End PBXResourcesBuildPhase section */

/* Begin PBXSourcesBuildPhase section */
		FF3484B02A9F6A3900C6CCFF /* Sources */ = {
			isa = PBXSourcesBuildPhase;
			buildActionMask = 2147483647;
			files = (
				FF3484BA2A9F6A3900C6CCFF /* ContentView.swift in Sources */,
				FF3484B82A9F6A3900C6CCFF /* ex01App.swift in Sources */,
			);
			runOnlyForDeploymentPostprocessing = 0;
		};
		FF3484C02A9F6A3A00C6CCFF /* Sources */ = {
			isa = PBXSourcesBuildPhase;
			buildActionMask = 2147483647;
			files = (
				FF3484C92A9F6A3A00C6CCFF /* ex01Tests.swift in Sources */,
			);
			runOnlyForDeploymentPostprocessing = 0;
		};
		FF3484CA2A9F6A3A00C6CCFF /* Sources */ = {
			isa = PBXSourcesBuildPhase;
			buildActionMask = 2147483647;
			files = (
				FF3484D52A9F6A3A00C6CCFF /* ex01UITestsLaunchTests.swift in Sources */,
				FF3484D32A9F6A3A00C6CCFF /* ex01UITests.swift in Sources */,
			);
			runOnlyForDeploymentPostprocessing = 0;
		};
/* End PBXSourcesBuildPhase section */

/* Begin PBXTargetDependency section */
		FF3484C62A9F6A3A00C6CCFF /* PBXTargetDependency */ = {
			isa = PBXTargetDependency;
			target = FF3484B32A9F6A3900C6CCFF /* ex01 */;
			targetProxy = FF3484C52A9F6A3A00C6CCFF /* PBXContainerItemProxy */;
		};
		FF3484D02A9F6A3A00C6CCFF /* PBXTargetDependency */ = {
			isa = PBXTargetDependency;
			target = FF3484B32A9F6A3900C6CCFF /* ex01 */;
			targetProxy = FF3484CF2A9F6A3A00C6CCFF /* PBXContainerItemProxy */;
		};
/* End PBXTargetDependency section */

/* Begin XCBuildConfiguration section */
		FF3484D62A9F6A3A00C6CCFF /* Debug */ = {
			isa = XCBuildConfiguration;
			buildSettings = {
				ALWAYS_SEARCH_USER_PATHS = NO;
				CLANG_ANALYZER_NONNULL = YES;
				CLANG_ANALYZER_NUMBER_OBJECT_CONVERSION = YES_AGGRESSIVE;
				CLANG_CXX_LANGUAGE_STANDARD = "gnu++20";
				CLANG_ENABLE_MODULES = YES;
				CLANG_ENABLE_OBJC_ARC = YES;
				CLANG_ENABLE_OBJC_WEAK = YES;
				CLANG_WARN_BLOCK_CAPTURE_AUTORELEASING = YES;
				CLANG_WARN_BOOL_CONVERSION = YES;
				CLANG_WARN_COMMA = YES;
				CLANG_WARN_CONSTANT_CONVERSION = YES;
				CLANG_WARN_DEPRECATED_OBJC_IMPLEMENTATIONS = YES;
				CLANG_WARN_DIRECT_OBJC_ISA_USAGE = YES_ERROR;
				CLANG_WARN_DOCUMENTATION_COMMENTS = YES;
				CLANG_WARN_EMPTY_BODY = YES;
				CLANG_WARN_ENUM_CONVERSION = YES;
				CLANG_WARN_INFINITE_RECURSION = YES;
				CLANG_WARN_INT_CONVERSION = YES;
				CLANG_WARN_NON_LITERAL_NULL_CONVERSION = YES;
				CLANG_WARN_OBJC_IMPLICIT_RETAIN_SELF = YES;
				CLANG_WARN_OBJC_LITERAL_CONVERSION = YES;
				CLANG_WARN_OBJC_ROOT_CLASS = YES_ERROR;
				CLANG_WARN_QUOTED_INCLUDE_IN_FRAMEWORK_HEADER = YES;
				CLANG_WARN_RANGE_LOOP_ANALYSIS = YES;
				CLANG_WARN_STRICT_PROTOTYPES = YES;
				CLANG_WARN_SUSPICIOUS_MOVE = YES;
				CLANG_WARN_UNGUARDED_AVAILABILITY = YES_AGGRESSIVE;
				CLANG_WARN_UNREACHABLE_CODE = YES;
				CLANG_WARN__DUPLICATE_METHOD_MATCH = YES;
				COPY_PHASE_STRIP = NO;
				DEBUG_INFORMATION_FORMAT = dwarf;
				ENABLE_STRICT_OBJC_MSGSEND = YES;
				ENABLE_TESTABILITY = YES;
				GCC_C_LANGUAGE_STANDARD = gnu11;
				GCC_DYNAMIC_NO_PIC = NO;
				GCC_NO_COMMON_BLOCKS = YES;
				GCC_OPTIMIZATION_LEVEL = 0;
				GCC_PREPROCESSOR_DEFINITIONS = (
					"DEBUG=1",
					"$(inherited)",
				);
				GCC_WARN_64_TO_32_BIT_CONVERSION = YES;
				GCC_WARN_ABOUT_RETURN_TYPE = YES_ERROR;
				GCC_WARN_UNDECLARED_SELECTOR = YES;
				GCC_WARN_UNINITIALIZED_AUTOS = YES_AGGRESSIVE;
				GCC_WARN_UNUSED_FUNCTION = YES;
				GCC_WARN_UNUSED_VARIABLE = YES;
				IPHONEOS_DEPLOYMENT_TARGET = 16.4;
				MTL_ENABLE_DEBUG_INFO = INCLUDE_SOURCE;
				MTL_FAST_MATH = YES;
				ONLY_ACTIVE_ARCH = YES;
				SDKROOT = iphoneos;
				SWIFT_ACTIVE_COMPILATION_CONDITIONS = DEBUG;
				SWIFT_OPTIMIZATION_LEVEL = "-Onone";
			};
			name = Debug;
		};
		FF3484D72A9F6A3A00C6CCFF /* Release */ = {
			isa = XCBuildConfiguration;
			buildSettings = {
				ALWAYS_SEARCH_USER_PATHS = NO;
				CLANG_ANALYZER_NONNULL = YES;
				CLANG_ANALYZER_NUMBER_OBJECT_CONVERSION = YES_AGGRESSIVE;
				CLANG_CXX_LANGUAGE_STANDARD = "gnu++20";
				CLANG_ENABLE_MODULES = YES;
				CLANG_ENABLE_OBJC_ARC = YES;
				CLANG_ENABLE_OBJC_WEAK = YES;
				CLANG_WARN_BLOCK_CAPTURE_AUTORELEASING = YES;
				CLANG_WARN_BOOL_CONVERSION = YES;
				CLANG_WARN_COMMA = YES;
				CLANG_WARN_CONSTANT_CONVERSION = YES;
				CLANG_WARN_DEPRECATED_OBJC_IMPLEMENTATIONS = YES;
				CLANG_WARN_DIRECT_OBJC_ISA_USAGE = YES_ERROR;
				CLANG_WARN_DOCUMENTATION_COMMENTS = YES;
				CLANG_WARN_EMPTY_BODY = YES;
				CLANG_WARN_ENUM_CONVERSION = YES;
				CLANG_WARN_INFINITE_RECURSION = YES;
				CLANG_WARN_INT_CONVERSION = YES;
				CLANG_WARN_NON_LITERAL_NULL_CONVERSION = YES;
				CLANG_WARN_OBJC_IMPLICIT_RETAIN_SELF = YES;
				CLANG_WARN_OBJC_LITERAL_CONVERSION = YES;
				CLANG_WARN_OBJC_ROOT_CLASS = YES_ERROR;
				CLANG_WARN_QUOTED_INCLUDE_IN_FRAMEWORK_HEADER = YES;
				CLANG_WARN_RANGE_LOOP_ANALYSIS = YES;
				CLANG_WARN_STRICT_PROTOTYPES = YES;
				CLANG_WARN_SUSPICIOUS_MOVE = YES;
				CLANG_WARN_UNGUARDED_AVAILABILITY = YES_AGGRESSIVE;
				CLANG_WARN_UNREACHABLE_CODE = YES;
				CLANG_WARN__DUPLICATE_METHOD_MATCH = YES;
				COPY_PHASE_STRIP = NO;
				DEBUG_INFORMATION_FORMAT = "dwarf-with-dsym";
				ENABLE_NS_ASSERTIONS = NO;
				ENABLE_STRICT_OBJC_MSGSEND = YES;
				GCC_C_LANGUAGE_STANDARD = gnu11;
				GCC_NO_COMMON_BLOCKS = YES;
				GCC_WARN_64_TO_32_BIT_CONVERSION = YES;
				GCC_WARN_ABOUT_RETURN_TYPE = YES_ERROR;
				GCC_WARN_UNDECLARED_SELECTOR = YES;
				GCC_WARN_UNINITIALIZED_AUTOS = YES_AGGRESSIVE;
				GCC_WARN_UNUSED_FUNCTION = YES;
				GCC_WARN_UNUSED_VARIABLE = YES;
				IPHONEOS_DEPLOYMENT_TARGET = 16.4;
				MTL_ENABLE_DEBUG_INFO = NO;
				MTL_FAST_MATH = YES;
				SDKROOT = iphoneos;
				SWIFT_COMPILATION_MODE = wholemodule;
				SWIFT_OPTIMIZATION_LEVEL = "-O";
				VALIDATE_PRODUCT = YES;
			};
			name = Release;
		};
		FF3484D92A9F6A3A00C6CCFF /* Debug */ = {
			isa = XCBuildConfiguration;
			buildSettings = {
				ASSETCATALOG_COMPILER_APPICON_NAME = AppIcon;
				ASSETCATALOG_COMPILER_GLOBAL_ACCENT_COLOR_NAME = AccentColor;
				CODE_SIGN_STYLE = Automatic;
				CURRENT_PROJECT_VERSION = 1;
				DEVELOPMENT_ASSET_PATHS = "\"ex01/Preview Content\"";
				ENABLE_PREVIEWS = YES;
				GENERATE_INFOPLIST_FILE = YES;
				INFOPLIST_KEY_UIApplicationSceneManifest_Generation = YES;
				INFOPLIST_KEY_UIApplicationSupportsIndirectInputEvents = YES;
				INFOPLIST_KEY_UILaunchScreen_Generation = YES;
				INFOPLIST_KEY_UISupportedInterfaceOrientations_iPad = "UIInterfaceOrientationPortrait UIInterfaceOrientationPortraitUpsideDown UIInterfaceOrientationLandscapeLeft UIInterfaceOrientationLandscapeRight";
				INFOPLIST_KEY_UISupportedInterfaceOrientations_iPhone = "UIInterfaceOrientationPortrait UIInterfaceOrientationLandscapeLeft UIInterfaceOrientationLandscapeRight";
				LD_RUNPATH_SEARCH_PATHS = (
					"$(inherited)",
					"@executable_path/Frameworks",
				);
				MARKETING_VERSION = 1.0;
				PRODUCT_BUNDLE_IDENTIFIER = "Seoul42-ios.ex01";
				PRODUCT_NAME = "$(TARGET_NAME)";
				SWIFT_EMIT_LOC_STRINGS = YES;
				SWIFT_VERSION = 5.0;
				TARGETED_DEVICE_FAMILY = "1,2";
			};
			name = Debug;
		};
		FF3484DA2A9F6A3A00C6CCFF /* Release */ = {
			isa = XCBuildConfiguration;
			buildSettings = {
				ASSETCATALOG_COMPILER_APPICON_NAME = AppIcon;
				ASSETCATALOG_COMPILER_GLOBAL_ACCENT_COLOR_NAME = AccentColor;
				CODE_SIGN_STYLE = Automatic;
				CURRENT_PROJECT_VERSION = 1;
				DEVELOPMENT_ASSET_PATHS = "\"ex01/Preview Content\"";
				ENABLE_PREVIEWS = YES;
				GENERATE_INFOPLIST_FILE = YES;
				INFOPLIST_KEY_UIApplicationSceneManifest_Generation = YES;
				INFOPLIST_KEY_UIApplicationSupportsIndirectInputEvents = YES;
				INFOPLIST_KEY_UILaunchScreen_Generation = YES;
				INFOPLIST_KEY_UISupportedInterfaceOrientations_iPad = "UIInterfaceOrientationPortrait UIInterfaceOrientationPortraitUpsideDown UIInterfaceOrientationLandscapeLeft UIInterfaceOrientationLandscapeRight";
				INFOPLIST_KEY_UISupportedInterfaceOrientations_iPhone = "UIInterfaceOrientationPortrait UIInterfaceOrientationLandscapeLeft UIInterfaceOrientationLandscapeRight";
				LD_RUNPATH_SEARCH_PATHS = (
					"$(inherited)",
					"@executable_path/Frameworks",
				);
				MARKETING_VERSION = 1.0;
				PRODUCT_BUNDLE_IDENTIFIER = "Seoul42-ios.ex01";
				PRODUCT_NAME = "$(TARGET_NAME)";
				SWIFT_EMIT_LOC_STRINGS = YES;
				SWIFT_VERSION = 5.0;
				TARGETED_DEVICE_FAMILY = "1,2";
			};
			name = Release;
		};
		FF3484DC2A9F6A3A00C6CCFF /* Debug */ = {
			isa = XCBuildConfiguration;
			buildSettings = {
				ALWAYS_EMBED_SWIFT_STANDARD_LIBRARIES = YES;
				BUNDLE_LOADER = "$(TEST_HOST)";
				CODE_SIGN_STYLE = Automatic;
				CURRENT_PROJECT_VERSION = 1;
				GENERATE_INFOPLIST_FILE = YES;
				IPHONEOS_DEPLOYMENT_TARGET = 16.4;
				MARKETING_VERSION = 1.0;
				PRODUCT_BUNDLE_IDENTIFIER = "Seoul42-ios.ex01Tests";
				PRODUCT_NAME = "$(TARGET_NAME)";
				SWIFT_EMIT_LOC_STRINGS = NO;
				SWIFT_VERSION = 5.0;
				TARGETED_DEVICE_FAMILY = "1,2";
				TEST_HOST = "$(BUILT_PRODUCTS_DIR)/ex01.app/$(BUNDLE_EXECUTABLE_FOLDER_PATH)/ex01";
			};
			name = Debug;
		};
		FF3484DD2A9F6A3A00C6CCFF /* Release */ = {
			isa = XCBuildConfiguration;
			buildSettings = {
				ALWAYS_EMBED_SWIFT_STANDARD_LIBRARIES = YES;
				BUNDLE_LOADER = "$(TEST_HOST)";
				CODE_SIGN_STYLE = Automatic;
				CURRENT_PROJECT_VERSION = 1;
				GENERATE_INFOPLIST_FILE = YES;
				IPHONEOS_DEPLOYMENT_TARGET = 16.4;
				MARKETING_VERSION = 1.0;
				PRODUCT_BUNDLE_IDENTIFIER = "Seoul42-ios.ex01Tests";
				PRODUCT_NAME = "$(TARGET_NAME)";
				SWIFT_EMIT_LOC_STRINGS = NO;
				SWIFT_VERSION = 5.0;
				TARGETED_DEVICE_FAMILY = "1,2";
				TEST_HOST = "$(BUILT_PRODUCTS_DIR)/ex01.app/$(BUNDLE_EXECUTABLE_FOLDER_PATH)/ex01";
			};
			name = Release;
		};
		FF3484DF2A9F6A3A00C6CCFF /* Debug */ = {
			isa = XCBuildConfiguration;
			buildSettings = {
				ALWAYS_EMBED_SWIFT_STANDARD_LIBRARIES = YES;
				CODE_SIGN_STYLE = Automatic;
				CURRENT_PROJECT_VERSION = 1;
				GENERATE_INFOPLIST_FILE = YES;
				MARKETING_VERSION = 1.0;
				PRODUCT_BUNDLE_IDENTIFIER = "Seoul42-ios.ex01UITests";
				PRODUCT_NAME = "$(TARGET_NAME)";
				SWIFT_EMIT_LOC_STRINGS = NO;
				SWIFT_VERSION = 5.0;
				TARGETED_DEVICE_FAMILY = "1,2";
				TEST_TARGET_NAME = ex01;
			};
			name = Debug;
		};
		FF3484E02A9F6A3A00C6CCFF /* Release */ = {
			isa = XCBuildConfiguration;
			buildSettings = {
				ALWAYS_EMBED_SWIFT_STANDARD_LIBRARIES = YES;
				CODE_SIGN_STYLE = Automatic;
				CURRENT_PROJECT_VERSION = 1;
				GENERATE_INFOPLIST_FILE = YES;
				MARKETING_VERSION = 1.0;
				PRODUCT_BUNDLE_IDENTIFIER = "Seoul42-ios.ex01UITests";
				PRODUCT_NAME = "$(TARGET_NAME)";
				SWIFT_EMIT_LOC_STRINGS = NO;
				SWIFT_VERSION = 5.0;
				TARGETED_DEVICE_FAMILY = "1,2";
				TEST_TARGET_NAME = ex01;
			};
			name = Release;
		};
/* End XCBuildConfiguration section */

/* Begin XCConfigurationList section */
		FF3484AF2A9F6A3900C6CCFF /* Build configuration list for PBXProject "ex01" */ = {
			isa = XCConfigurationList;
			buildConfigurations = (
				FF3484D62A9F6A3A00C6CCFF /* Debug */,
				FF3484D72A9F6A3A00C6CCFF /* Release */,
			);
			defaultConfigurationIsVisible = 0;
			defaultConfigurationName = Release;
		};
		FF3484D82A9F6A3A00C6CCFF /* Build configuration list for PBXNativeTarget "ex01" */ = {
			isa = XCConfigurationList;
			buildConfigurations = (
				FF3484D92A9F6A3A00C6CCFF /* Debug */,
				FF3484DA2A9F6A3A00C6CCFF /* Release */,
			);
			defaultConfigurationIsVisible = 0;
			defaultConfigurationName = Release;
		};
		FF3484DB2A9F6A3A00C6CCFF /* Build configuration list for PBXNativeTarget "ex01Tests" */ = {
			isa = XCConfigurationList;
			buildConfigurations = (
				FF3484DC2A9F6A3A00C6CCFF /* Debug */,
				FF3484DD2A9F6A3A00C6CCFF /* Release */,
			);
			defaultConfigurationIsVisible = 0;
			defaultConfigurationName = Release;
		};
		FF3484DE2A9F6A3A00C6CCFF /* Build configuration list for PBXNativeTarget "ex01UITests" */ = {
			isa = XCConfigurationList;
			buildConfigurations = (
				FF3484DF2A9F6A3A00C6CCFF /* Debug */,
				FF3484E02A9F6A3A00C6CCFF /* Release */,
			);
			defaultConfigurationIsVisible = 0;
			defaultConfigurationName = Release;
		};
/* End XCConfigurationList section */
	};
	rootObject = FF3484AC2A9F6A3900C6CCFF /* Project object */;
}
