// !$*UTF8*$!
{
	archiveVersion = 1;
	classes = {
	};
	objectVersion = 56;
	objects = {

/* Begin PBXBuildFile section */
		FF3EF3F32AB41B59005AC6EB /* ContentView.swift in Sources */ = {isa = PBXBuildFile; fileRef = FF3EF3F22AB41B59005AC6EB /* ContentView.swift */; };
		FF3EF3F52AB41B59005AC6EB /* Assets.xcassets in Resources */ = {isa = PBXBuildFile; fileRef = FF3EF3F42AB41B59005AC6EB /* Assets.xcassets */; };
		FF3EF3F82AB41B59005AC6EB /* Preview Assets.xcassets in Resources */ = {isa = PBXBuildFile; fileRef = FF3EF3F72AB41B59005AC6EB /* Preview Assets.xcassets */; };
		FF3EF4022AB41B59005AC6EB /* ex00Tests.swift in Sources */ = {isa = PBXBuildFile; fileRef = FF3EF4012AB41B59005AC6EB /* ex00Tests.swift */; };
		FF3EF40C2AB41B59005AC6EB /* ex00UITests.swift in Sources */ = {isa = PBXBuildFile; fileRef = FF3EF40B2AB41B59005AC6EB /* ex00UITests.swift */; };
		FF3EF40E2AB41B5A005AC6EB /* ex00UITestsLaunchTests.swift in Sources */ = {isa = PBXBuildFile; fileRef = FF3EF40D2AB41B5A005AC6EB /* ex00UITestsLaunchTests.swift */; };
		FF3EF41B2AB41DAC005AC6EB /* weatherApp.swift in Sources */ = {isa = PBXBuildFile; fileRef = FF3EF41A2AB41DAC005AC6EB /* weatherApp.swift */; };
		FF3EF41D2AB4204E005AC6EB /* NavView.swift in Sources */ = {isa = PBXBuildFile; fileRef = FF3EF41C2AB4204E005AC6EB /* NavView.swift */; };
		FF3EF41F2AB420F6005AC6EB /* MainView.swift in Sources */ = {isa = PBXBuildFile; fileRef = FF3EF41E2AB420F6005AC6EB /* MainView.swift */; };
		FF3EF4212AB421CD005AC6EB /* FirstView.swift in Sources */ = {isa = PBXBuildFile; fileRef = FF3EF4202AB421CD005AC6EB /* FirstView.swift */; };
		FF3EF4232AB42287005AC6EB /* SecondView.swift in Sources */ = {isa = PBXBuildFile; fileRef = FF3EF4222AB42287005AC6EB /* SecondView.swift */; };
		FF3EF4252AB422B9005AC6EB /* ThirdView.swift in Sources */ = {isa = PBXBuildFile; fileRef = FF3EF4242AB422B9005AC6EB /* ThirdView.swift */; };
		FF3EF4272AB425A8005AC6EB /* MenuView.swift in Sources */ = {isa = PBXBuildFile; fileRef = FF3EF4262AB425A8005AC6EB /* MenuView.swift */; };
		FF3EF4292AB42BA9005AC6EB /* SearchBar.swift in Sources */ = {isa = PBXBuildFile; fileRef = FF3EF4282AB42BA9005AC6EB /* SearchBar.swift */; };
/* End PBXBuildFile section */

/* Begin PBXContainerItemProxy section */
		FF3EF3FE2AB41B59005AC6EB /* PBXContainerItemProxy */ = {
			isa = PBXContainerItemProxy;
			containerPortal = FF3EF3E52AB41B58005AC6EB /* Project object */;
			proxyType = 1;
			remoteGlobalIDString = FF3EF3EC2AB41B58005AC6EB;
			remoteInfo = ex00;
		};
		FF3EF4082AB41B59005AC6EB /* PBXContainerItemProxy */ = {
			isa = PBXContainerItemProxy;
			containerPortal = FF3EF3E52AB41B58005AC6EB /* Project object */;
			proxyType = 1;
			remoteGlobalIDString = FF3EF3EC2AB41B58005AC6EB;
			remoteInfo = ex00;
		};
/* End PBXContainerItemProxy section */

/* Begin PBXFileReference section */
		FF3EF3ED2AB41B58005AC6EB /* ex00.app */ = {isa = PBXFileReference; explicitFileType = wrapper.application; includeInIndex = 0; path = ex00.app; sourceTree = BUILT_PRODUCTS_DIR; };
		FF3EF3F22AB41B59005AC6EB /* ContentView.swift */ = {isa = PBXFileReference; lastKnownFileType = sourcecode.swift; path = ContentView.swift; sourceTree = "<group>"; };
		FF3EF3F42AB41B59005AC6EB /* Assets.xcassets */ = {isa = PBXFileReference; lastKnownFileType = folder.assetcatalog; path = Assets.xcassets; sourceTree = "<group>"; };
		FF3EF3F72AB41B59005AC6EB /* Preview Assets.xcassets */ = {isa = PBXFileReference; lastKnownFileType = folder.assetcatalog; path = "Preview Assets.xcassets"; sourceTree = "<group>"; };
		FF3EF3FD2AB41B59005AC6EB /* ex00Tests.xctest */ = {isa = PBXFileReference; explicitFileType = wrapper.cfbundle; includeInIndex = 0; path = ex00Tests.xctest; sourceTree = BUILT_PRODUCTS_DIR; };
		FF3EF4012AB41B59005AC6EB /* ex00Tests.swift */ = {isa = PBXFileReference; lastKnownFileType = sourcecode.swift; path = ex00Tests.swift; sourceTree = "<group>"; };
		FF3EF4072AB41B59005AC6EB /* ex00UITests.xctest */ = {isa = PBXFileReference; explicitFileType = wrapper.cfbundle; includeInIndex = 0; path = ex00UITests.xctest; sourceTree = BUILT_PRODUCTS_DIR; };
		FF3EF40B2AB41B59005AC6EB /* ex00UITests.swift */ = {isa = PBXFileReference; lastKnownFileType = sourcecode.swift; path = ex00UITests.swift; sourceTree = "<group>"; };
		FF3EF40D2AB41B5A005AC6EB /* ex00UITestsLaunchTests.swift */ = {isa = PBXFileReference; lastKnownFileType = sourcecode.swift; path = ex00UITestsLaunchTests.swift; sourceTree = "<group>"; };
		FF3EF41A2AB41DAC005AC6EB /* weatherApp.swift */ = {isa = PBXFileReference; lastKnownFileType = sourcecode.swift; path = weatherApp.swift; sourceTree = "<group>"; };
		FF3EF41C2AB4204E005AC6EB /* NavView.swift */ = {isa = PBXFileReference; lastKnownFileType = sourcecode.swift; path = NavView.swift; sourceTree = "<group>"; };
		FF3EF41E2AB420F6005AC6EB /* MainView.swift */ = {isa = PBXFileReference; lastKnownFileType = sourcecode.swift; path = MainView.swift; sourceTree = "<group>"; };
		FF3EF4202AB421CD005AC6EB /* FirstView.swift */ = {isa = PBXFileReference; lastKnownFileType = sourcecode.swift; path = FirstView.swift; sourceTree = "<group>"; };
		FF3EF4222AB42287005AC6EB /* SecondView.swift */ = {isa = PBXFileReference; lastKnownFileType = sourcecode.swift; path = SecondView.swift; sourceTree = "<group>"; };
		FF3EF4242AB422B9005AC6EB /* ThirdView.swift */ = {isa = PBXFileReference; lastKnownFileType = sourcecode.swift; path = ThirdView.swift; sourceTree = "<group>"; };
		FF3EF4262AB425A8005AC6EB /* MenuView.swift */ = {isa = PBXFileReference; lastKnownFileType = sourcecode.swift; path = MenuView.swift; sourceTree = "<group>"; };
		FF3EF4282AB42BA9005AC6EB /* SearchBar.swift */ = {isa = PBXFileReference; lastKnownFileType = sourcecode.swift; path = SearchBar.swift; sourceTree = "<group>"; };
/* End PBXFileReference section */

/* Begin PBXFrameworksBuildPhase section */
		FF3EF3EA2AB41B58005AC6EB /* Frameworks */ = {
			isa = PBXFrameworksBuildPhase;
			buildActionMask = 2147483647;
			files = (
			);
			runOnlyForDeploymentPostprocessing = 0;
		};
		FF3EF3FA2AB41B59005AC6EB /* Frameworks */ = {
			isa = PBXFrameworksBuildPhase;
			buildActionMask = 2147483647;
			files = (
			);
			runOnlyForDeploymentPostprocessing = 0;
		};
		FF3EF4042AB41B59005AC6EB /* Frameworks */ = {
			isa = PBXFrameworksBuildPhase;
			buildActionMask = 2147483647;
			files = (
			);
			runOnlyForDeploymentPostprocessing = 0;
		};
/* End PBXFrameworksBuildPhase section */

/* Begin PBXGroup section */
		FF3EF3E42AB41B58005AC6EB = {
			isa = PBXGroup;
			children = (
				FF3EF3EF2AB41B58005AC6EB /* ex00 */,
				FF3EF4002AB41B59005AC6EB /* ex00Tests */,
				FF3EF40A2AB41B59005AC6EB /* ex00UITests */,
				FF3EF3EE2AB41B58005AC6EB /* Products */,
			);
			sourceTree = "<group>";
		};
		FF3EF3EE2AB41B58005AC6EB /* Products */ = {
			isa = PBXGroup;
			children = (
				FF3EF3ED2AB41B58005AC6EB /* ex00.app */,
				FF3EF3FD2AB41B59005AC6EB /* ex00Tests.xctest */,
				FF3EF4072AB41B59005AC6EB /* ex00UITests.xctest */,
			);
			name = Products;
			sourceTree = "<group>";
		};
		FF3EF3EF2AB41B58005AC6EB /* ex00 */ = {
			isa = PBXGroup;
			children = (
				FF3EF3F22AB41B59005AC6EB /* ContentView.swift */,
				FF3EF3F42AB41B59005AC6EB /* Assets.xcassets */,
				FF3EF3F62AB41B59005AC6EB /* Preview Content */,
				FF3EF41A2AB41DAC005AC6EB /* weatherApp.swift */,
				FF3EF41C2AB4204E005AC6EB /* NavView.swift */,
				FF3EF41E2AB420F6005AC6EB /* MainView.swift */,
				FF3EF4202AB421CD005AC6EB /* FirstView.swift */,
				FF3EF4222AB42287005AC6EB /* SecondView.swift */,
				FF3EF4242AB422B9005AC6EB /* ThirdView.swift */,
				FF3EF4262AB425A8005AC6EB /* MenuView.swift */,
				FF3EF4282AB42BA9005AC6EB /* SearchBar.swift */,
			);
			path = ex00;
			sourceTree = "<group>";
		};
		FF3EF3F62AB41B59005AC6EB /* Preview Content */ = {
			isa = PBXGroup;
			children = (
				FF3EF3F72AB41B59005AC6EB /* Preview Assets.xcassets */,
			);
			path = "Preview Content";
			sourceTree = "<group>";
		};
		FF3EF4002AB41B59005AC6EB /* ex00Tests */ = {
			isa = PBXGroup;
			children = (
				FF3EF4012AB41B59005AC6EB /* ex00Tests.swift */,
			);
			path = ex00Tests;
			sourceTree = "<group>";
		};
		FF3EF40A2AB41B59005AC6EB /* ex00UITests */ = {
			isa = PBXGroup;
			children = (
				FF3EF40B2AB41B59005AC6EB /* ex00UITests.swift */,
				FF3EF40D2AB41B5A005AC6EB /* ex00UITestsLaunchTests.swift */,
			);
			path = ex00UITests;
			sourceTree = "<group>";
		};
/* End PBXGroup section */

/* Begin PBXNativeTarget section */
		FF3EF3EC2AB41B58005AC6EB /* ex00 */ = {
			isa = PBXNativeTarget;
			buildConfigurationList = FF3EF4112AB41B5A005AC6EB /* Build configuration list for PBXNativeTarget "ex00" */;
			buildPhases = (
				FF3EF3E92AB41B58005AC6EB /* Sources */,
				FF3EF3EA2AB41B58005AC6EB /* Frameworks */,
				FF3EF3EB2AB41B58005AC6EB /* Resources */,
			);
			buildRules = (
			);
			dependencies = (
			);
			name = ex00;
			productName = ex00;
			productReference = FF3EF3ED2AB41B58005AC6EB /* ex00.app */;
			productType = "com.apple.product-type.application";
		};
		FF3EF3FC2AB41B59005AC6EB /* ex00Tests */ = {
			isa = PBXNativeTarget;
			buildConfigurationList = FF3EF4142AB41B5A005AC6EB /* Build configuration list for PBXNativeTarget "ex00Tests" */;
			buildPhases = (
				FF3EF3F92AB41B59005AC6EB /* Sources */,
				FF3EF3FA2AB41B59005AC6EB /* Frameworks */,
				FF3EF3FB2AB41B59005AC6EB /* Resources */,
			);
			buildRules = (
			);
			dependencies = (
				FF3EF3FF2AB41B59005AC6EB /* PBXTargetDependency */,
			);
			name = ex00Tests;
			productName = ex00Tests;
			productReference = FF3EF3FD2AB41B59005AC6EB /* ex00Tests.xctest */;
			productType = "com.apple.product-type.bundle.unit-test";
		};
		FF3EF4062AB41B59005AC6EB /* ex00UITests */ = {
			isa = PBXNativeTarget;
			buildConfigurationList = FF3EF4172AB41B5A005AC6EB /* Build configuration list for PBXNativeTarget "ex00UITests" */;
			buildPhases = (
				FF3EF4032AB41B59005AC6EB /* Sources */,
				FF3EF4042AB41B59005AC6EB /* Frameworks */,
				FF3EF4052AB41B59005AC6EB /* Resources */,
			);
			buildRules = (
			);
			dependencies = (
				FF3EF4092AB41B59005AC6EB /* PBXTargetDependency */,
			);
			name = ex00UITests;
			productName = ex00UITests;
			productReference = FF3EF4072AB41B59005AC6EB /* ex00UITests.xctest */;
			productType = "com.apple.product-type.bundle.ui-testing";
		};
/* End PBXNativeTarget section */

/* Begin PBXProject section */
		FF3EF3E52AB41B58005AC6EB /* Project object */ = {
			isa = PBXProject;
			attributes = {
				BuildIndependentTargetsInParallel = 1;
				LastSwiftUpdateCheck = 1430;
				LastUpgradeCheck = 1430;
				TargetAttributes = {
					FF3EF3EC2AB41B58005AC6EB = {
						CreatedOnToolsVersion = 14.3.1;
					};
					FF3EF3FC2AB41B59005AC6EB = {
						CreatedOnToolsVersion = 14.3.1;
						TestTargetID = FF3EF3EC2AB41B58005AC6EB;
					};
					FF3EF4062AB41B59005AC6EB = {
						CreatedOnToolsVersion = 14.3.1;
						TestTargetID = FF3EF3EC2AB41B58005AC6EB;
					};
				};
			};
			buildConfigurationList = FF3EF3E82AB41B58005AC6EB /* Build configuration list for PBXProject "ex00" */;
			compatibilityVersion = "Xcode 14.0";
			developmentRegion = en;
			hasScannedForEncodings = 0;
			knownRegions = (
				en,
				Base,
			);
			mainGroup = FF3EF3E42AB41B58005AC6EB;
			productRefGroup = FF3EF3EE2AB41B58005AC6EB /* Products */;
			projectDirPath = "";
			projectRoot = "";
			targets = (
				FF3EF3EC2AB41B58005AC6EB /* ex00 */,
				FF3EF3FC2AB41B59005AC6EB /* ex00Tests */,
				FF3EF4062AB41B59005AC6EB /* ex00UITests */,
			);
		};
/* End PBXProject section */

/* Begin PBXResourcesBuildPhase section */
		FF3EF3EB2AB41B58005AC6EB /* Resources */ = {
			isa = PBXResourcesBuildPhase;
			buildActionMask = 2147483647;
			files = (
				FF3EF3F82AB41B59005AC6EB /* Preview Assets.xcassets in Resources */,
				FF3EF3F52AB41B59005AC6EB /* Assets.xcassets in Resources */,
			);
			runOnlyForDeploymentPostprocessing = 0;
		};
		FF3EF3FB2AB41B59005AC6EB /* Resources */ = {
			isa = PBXResourcesBuildPhase;
			buildActionMask = 2147483647;
			files = (
			);
			runOnlyForDeploymentPostprocessing = 0;
		};
		FF3EF4052AB41B59005AC6EB /* Resources */ = {
			isa = PBXResourcesBuildPhase;
			buildActionMask = 2147483647;
			files = (
			);
			runOnlyForDeploymentPostprocessing = 0;
		};
/* End PBXResourcesBuildPhase section */

/* Begin PBXSourcesBuildPhase section */
		FF3EF3E92AB41B58005AC6EB /* Sources */ = {
			isa = PBXSourcesBuildPhase;
			buildActionMask = 2147483647;
			files = (
				FF3EF4252AB422B9005AC6EB /* ThirdView.swift in Sources */,
				FF3EF4232AB42287005AC6EB /* SecondView.swift in Sources */,
				FF3EF41D2AB4204E005AC6EB /* NavView.swift in Sources */,
				FF3EF4212AB421CD005AC6EB /* FirstView.swift in Sources */,
				FF3EF4272AB425A8005AC6EB /* MenuView.swift in Sources */,
				FF3EF4292AB42BA9005AC6EB /* SearchBar.swift in Sources */,
				FF3EF41B2AB41DAC005AC6EB /* weatherApp.swift in Sources */,
				FF3EF3F32AB41B59005AC6EB /* ContentView.swift in Sources */,
				FF3EF41F2AB420F6005AC6EB /* MainView.swift in Sources */,
			);
			runOnlyForDeploymentPostprocessing = 0;
		};
		FF3EF3F92AB41B59005AC6EB /* Sources */ = {
			isa = PBXSourcesBuildPhase;
			buildActionMask = 2147483647;
			files = (
				FF3EF4022AB41B59005AC6EB /* ex00Tests.swift in Sources */,
			);
			runOnlyForDeploymentPostprocessing = 0;
		};
		FF3EF4032AB41B59005AC6EB /* Sources */ = {
			isa = PBXSourcesBuildPhase;
			buildActionMask = 2147483647;
			files = (
				FF3EF40C2AB41B59005AC6EB /* ex00UITests.swift in Sources */,
				FF3EF40E2AB41B5A005AC6EB /* ex00UITestsLaunchTests.swift in Sources */,
			);
			runOnlyForDeploymentPostprocessing = 0;
		};
/* End PBXSourcesBuildPhase section */

/* Begin PBXTargetDependency section */
		FF3EF3FF2AB41B59005AC6EB /* PBXTargetDependency */ = {
			isa = PBXTargetDependency;
			target = FF3EF3EC2AB41B58005AC6EB /* ex00 */;
			targetProxy = FF3EF3FE2AB41B59005AC6EB /* PBXContainerItemProxy */;
		};
		FF3EF4092AB41B59005AC6EB /* PBXTargetDependency */ = {
			isa = PBXTargetDependency;
			target = FF3EF3EC2AB41B58005AC6EB /* ex00 */;
			targetProxy = FF3EF4082AB41B59005AC6EB /* PBXContainerItemProxy */;
		};
/* End PBXTargetDependency section */

/* Begin XCBuildConfiguration section */
		FF3EF40F2AB41B5A005AC6EB /* Debug */ = {
			isa = XCBuildConfiguration;
			buildSettings = {
				ALWAYS_SEARCH_USER_PATHS = NO;
				CLANG_ANALYZER_NONNULL = YES;
				CLANG_ANALYZER_NUMBER_OBJECT_CONVERSION = YES_AGGRESSIVE;
				CLANG_CXX_LANGUAGE_STANDARD = "gnu++20";
				CLANG_ENABLE_MODULES = YES;
				CLANG_ENABLE_OBJC_ARC = YES;
				CLANG_ENABLE_OBJC_WEAK = YES;
				CLANG_WARN_BLOCK_CAPTURE_AUTORELEASING = YES;
				CLANG_WARN_BOOL_CONVERSION = YES;
				CLANG_WARN_COMMA = YES;
				CLANG_WARN_CONSTANT_CONVERSION = YES;
				CLANG_WARN_DEPRECATED_OBJC_IMPLEMENTATIONS = YES;
				CLANG_WARN_DIRECT_OBJC_ISA_USAGE = YES_ERROR;
				CLANG_WARN_DOCUMENTATION_COMMENTS = YES;
				CLANG_WARN_EMPTY_BODY = YES;
				CLANG_WARN_ENUM_CONVERSION = YES;
				CLANG_WARN_INFINITE_RECURSION = YES;
				CLANG_WARN_INT_CONVERSION = YES;
				CLANG_WARN_NON_LITERAL_NULL_CONVERSION = YES;
				CLANG_WARN_OBJC_IMPLICIT_RETAIN_SELF = YES;
				CLANG_WARN_OBJC_LITERAL_CONVERSION = YES;
				CLANG_WARN_OBJC_ROOT_CLASS = YES_ERROR;
				CLANG_WARN_QUOTED_INCLUDE_IN_FRAMEWORK_HEADER = YES;
				CLANG_WARN_RANGE_LOOP_ANALYSIS = YES;
				CLANG_WARN_STRICT_PROTOTYPES = YES;
				CLANG_WARN_SUSPICIOUS_MOVE = YES;
				CLANG_WARN_UNGUARDED_AVAILABILITY = YES_AGGRESSIVE;
				CLANG_WARN_UNREACHABLE_CODE = YES;
				CLANG_WARN__DUPLICATE_METHOD_MATCH = YES;
				COPY_PHASE_STRIP = NO;
				DEBUG_INFORMATION_FORMAT = dwarf;
				ENABLE_STRICT_OBJC_MSGSEND = YES;
				ENABLE_TESTABILITY = YES;
				GCC_C_LANGUAGE_STANDARD = gnu11;
				GCC_DYNAMIC_NO_PIC = NO;
				GCC_NO_COMMON_BLOCKS = YES;
				GCC_OPTIMIZATION_LEVEL = 0;
				GCC_PREPROCESSOR_DEFINITIONS = (
					"DEBUG=1",
					"$(inherited)",
				);
				GCC_WARN_64_TO_32_BIT_CONVERSION = YES;
				GCC_WARN_ABOUT_RETURN_TYPE = YES_ERROR;
				GCC_WARN_UNDECLARED_SELECTOR = YES;
				GCC_WARN_UNINITIALIZED_AUTOS = YES_AGGRESSIVE;
				GCC_WARN_UNUSED_FUNCTION = YES;
				GCC_WARN_UNUSED_VARIABLE = YES;
				IPHONEOS_DEPLOYMENT_TARGET = 16.4;
				MTL_ENABLE_DEBUG_INFO = INCLUDE_SOURCE;
				MTL_FAST_MATH = YES;
				ONLY_ACTIVE_ARCH = YES;
				SDKROOT = iphoneos;
				SWIFT_ACTIVE_COMPILATION_CONDITIONS = DEBUG;
				SWIFT_OPTIMIZATION_LEVEL = "-Onone";
			};
			name = Debug;
		};
		FF3EF4102AB41B5A005AC6EB /* Release */ = {
			isa = XCBuildConfiguration;
			buildSettings = {
				ALWAYS_SEARCH_USER_PATHS = NO;
				CLANG_ANALYZER_NONNULL = YES;
				CLANG_ANALYZER_NUMBER_OBJECT_CONVERSION = YES_AGGRESSIVE;
				CLANG_CXX_LANGUAGE_STANDARD = "gnu++20";
				CLANG_ENABLE_MODULES = YES;
				CLANG_ENABLE_OBJC_ARC = YES;
				CLANG_ENABLE_OBJC_WEAK = YES;
				CLANG_WARN_BLOCK_CAPTURE_AUTORELEASING = YES;
				CLANG_WARN_BOOL_CONVERSION = YES;
				CLANG_WARN_COMMA = YES;
				CLANG_WARN_CONSTANT_CONVERSION = YES;
				CLANG_WARN_DEPRECATED_OBJC_IMPLEMENTATIONS = YES;
				CLANG_WARN_DIRECT_OBJC_ISA_USAGE = YES_ERROR;
				CLANG_WARN_DOCUMENTATION_COMMENTS = YES;
				CLANG_WARN_EMPTY_BODY = YES;
				CLANG_WARN_ENUM_CONVERSION = YES;
				CLANG_WARN_INFINITE_RECURSION = YES;
				CLANG_WARN_INT_CONVERSION = YES;
				CLANG_WARN_NON_LITERAL_NULL_CONVERSION = YES;
				CLANG_WARN_OBJC_IMPLICIT_RETAIN_SELF = YES;
				CLANG_WARN_OBJC_LITERAL_CONVERSION = YES;
				CLANG_WARN_OBJC_ROOT_CLASS = YES_ERROR;
				CLANG_WARN_QUOTED_INCLUDE_IN_FRAMEWORK_HEADER = YES;
				CLANG_WARN_RANGE_LOOP_ANALYSIS = YES;
				CLANG_WARN_STRICT_PROTOTYPES = YES;
				CLANG_WARN_SUSPICIOUS_MOVE = YES;
				CLANG_WARN_UNGUARDED_AVAILABILITY = YES_AGGRESSIVE;
				CLANG_WARN_UNREACHABLE_CODE = YES;
				CLANG_WARN__DUPLICATE_METHOD_MATCH = YES;
				COPY_PHASE_STRIP = NO;
				DEBUG_INFORMATION_FORMAT = "dwarf-with-dsym";
				ENABLE_NS_ASSERTIONS = NO;
				ENABLE_STRICT_OBJC_MSGSEND = YES;
				GCC_C_LANGUAGE_STANDARD = gnu11;
				GCC_NO_COMMON_BLOCKS = YES;
				GCC_WARN_64_TO_32_BIT_CONVERSION = YES;
				GCC_WARN_ABOUT_RETURN_TYPE = YES_ERROR;
				GCC_WARN_UNDECLARED_SELECTOR = YES;
				GCC_WARN_UNINITIALIZED_AUTOS = YES_AGGRESSIVE;
				GCC_WARN_UNUSED_FUNCTION = YES;
				GCC_WARN_UNUSED_VARIABLE = YES;
				IPHONEOS_DEPLOYMENT_TARGET = 16.4;
				MTL_ENABLE_DEBUG_INFO = NO;
				MTL_FAST_MATH = YES;
				SDKROOT = iphoneos;
				SWIFT_COMPILATION_MODE = wholemodule;
				SWIFT_OPTIMIZATION_LEVEL = "-O";
				VALIDATE_PRODUCT = YES;
			};
			name = Release;
		};
		FF3EF4122AB41B5A005AC6EB /* Debug */ = {
			isa = XCBuildConfiguration;
			buildSettings = {
				ASSETCATALOG_COMPILER_APPICON_NAME = AppIcon;
				ASSETCATALOG_COMPILER_GLOBAL_ACCENT_COLOR_NAME = AccentColor;
				CODE_SIGN_STYLE = Automatic;
				CURRENT_PROJECT_VERSION = 1;
				DEVELOPMENT_ASSET_PATHS = "\"ex00/Preview Content\"";
				ENABLE_PREVIEWS = YES;
				GENERATE_INFOPLIST_FILE = YES;
				INFOPLIST_KEY_UIApplicationSceneManifest_Generation = YES;
				INFOPLIST_KEY_UIApplicationSupportsIndirectInputEvents = YES;
				INFOPLIST_KEY_UILaunchScreen_Generation = YES;
				INFOPLIST_KEY_UISupportedInterfaceOrientations_iPad = "UIInterfaceOrientationPortrait UIInterfaceOrientationPortraitUpsideDown UIInterfaceOrientationLandscapeLeft UIInterfaceOrientationLandscapeRight";
				INFOPLIST_KEY_UISupportedInterfaceOrientations_iPhone = "UIInterfaceOrientationPortrait UIInterfaceOrientationLandscapeLeft UIInterfaceOrientationLandscapeRight";
				LD_RUNPATH_SEARCH_PATHS = (
					"$(inherited)",
					"@executable_path/Frameworks",
				);
				MARKETING_VERSION = 1.0;
				PRODUCT_BUNDLE_IDENTIFIER = "Seoul42-ios.ex00";
				PRODUCT_NAME = "$(TARGET_NAME)";
				SWIFT_EMIT_LOC_STRINGS = YES;
				SWIFT_VERSION = 5.0;
				TARGETED_DEVICE_FAMILY = "1,2";
			};
			name = Debug;
		};
		FF3EF4132AB41B5A005AC6EB /* Release */ = {
			isa = XCBuildConfiguration;
			buildSettings = {
				ASSETCATALOG_COMPILER_APPICON_NAME = AppIcon;
				ASSETCATALOG_COMPILER_GLOBAL_ACCENT_COLOR_NAME = AccentColor;
				CODE_SIGN_STYLE = Automatic;
				CURRENT_PROJECT_VERSION = 1;
				DEVELOPMENT_ASSET_PATHS = "\"ex00/Preview Content\"";
				ENABLE_PREVIEWS = YES;
				GENERATE_INFOPLIST_FILE = YES;
				INFOPLIST_KEY_UIApplicationSceneManifest_Generation = YES;
				INFOPLIST_KEY_UIApplicationSupportsIndirectInputEvents = YES;
				INFOPLIST_KEY_UILaunchScreen_Generation = YES;
				INFOPLIST_KEY_UISupportedInterfaceOrientations_iPad = "UIInterfaceOrientationPortrait UIInterfaceOrientationPortraitUpsideDown UIInterfaceOrientationLandscapeLeft UIInterfaceOrientationLandscapeRight";
				INFOPLIST_KEY_UISupportedInterfaceOrientations_iPhone = "UIInterfaceOrientationPortrait UIInterfaceOrientationLandscapeLeft UIInterfaceOrientationLandscapeRight";
				LD_RUNPATH_SEARCH_PATHS = (
					"$(inherited)",
					"@executable_path/Frameworks",
				);
				MARKETING_VERSION = 1.0;
				PRODUCT_BUNDLE_IDENTIFIER = "Seoul42-ios.ex00";
				PRODUCT_NAME = "$(TARGET_NAME)";
				SWIFT_EMIT_LOC_STRINGS = YES;
				SWIFT_VERSION = 5.0;
				TARGETED_DEVICE_FAMILY = "1,2";
			};
			name = Release;
		};
		FF3EF4152AB41B5A005AC6EB /* Debug */ = {
			isa = XCBuildConfiguration;
			buildSettings = {
				ALWAYS_EMBED_SWIFT_STANDARD_LIBRARIES = YES;
				BUNDLE_LOADER = "$(TEST_HOST)";
				CODE_SIGN_STYLE = Automatic;
				CURRENT_PROJECT_VERSION = 1;
				GENERATE_INFOPLIST_FILE = YES;
				IPHONEOS_DEPLOYMENT_TARGET = 16.4;
				MARKETING_VERSION = 1.0;
				PRODUCT_BUNDLE_IDENTIFIER = "Seoul42-ios.ex00Tests";
				PRODUCT_NAME = "$(TARGET_NAME)";
				SWIFT_EMIT_LOC_STRINGS = NO;
				SWIFT_VERSION = 5.0;
				TARGETED_DEVICE_FAMILY = "1,2";
				TEST_HOST = "$(BUILT_PRODUCTS_DIR)/ex00.app/$(BUNDLE_EXECUTABLE_FOLDER_PATH)/ex00";
			};
			name = Debug;
		};
		FF3EF4162AB41B5A005AC6EB /* Release */ = {
			isa = XCBuildConfiguration;
			buildSettings = {
				ALWAYS_EMBED_SWIFT_STANDARD_LIBRARIES = YES;
				BUNDLE_LOADER = "$(TEST_HOST)";
				CODE_SIGN_STYLE = Automatic;
				CURRENT_PROJECT_VERSION = 1;
				GENERATE_INFOPLIST_FILE = YES;
				IPHONEOS_DEPLOYMENT_TARGET = 16.4;
				MARKETING_VERSION = 1.0;
				PRODUCT_BUNDLE_IDENTIFIER = "Seoul42-ios.ex00Tests";
				PRODUCT_NAME = "$(TARGET_NAME)";
				SWIFT_EMIT_LOC_STRINGS = NO;
				SWIFT_VERSION = 5.0;
				TARGETED_DEVICE_FAMILY = "1,2";
				TEST_HOST = "$(BUILT_PRODUCTS_DIR)/ex00.app/$(BUNDLE_EXECUTABLE_FOLDER_PATH)/ex00";
			};
			name = Release;
		};
		FF3EF4182AB41B5A005AC6EB /* Debug */ = {
			isa = XCBuildConfiguration;
			buildSettings = {
				ALWAYS_EMBED_SWIFT_STANDARD_LIBRARIES = YES;
				CODE_SIGN_STYLE = Automatic;
				CURRENT_PROJECT_VERSION = 1;
				GENERATE_INFOPLIST_FILE = YES;
				MARKETING_VERSION = 1.0;
				PRODUCT_BUNDLE_IDENTIFIER = "Seoul42-ios.ex00UITests";
				PRODUCT_NAME = "$(TARGET_NAME)";
				SWIFT_EMIT_LOC_STRINGS = NO;
				SWIFT_VERSION = 5.0;
				TARGETED_DEVICE_FAMILY = "1,2";
				TEST_TARGET_NAME = ex00;
			};
			name = Debug;
		};
		FF3EF4192AB41B5A005AC6EB /* Release */ = {
			isa = XCBuildConfiguration;
			buildSettings = {
				ALWAYS_EMBED_SWIFT_STANDARD_LIBRARIES = YES;
				CODE_SIGN_STYLE = Automatic;
				CURRENT_PROJECT_VERSION = 1;
				GENERATE_INFOPLIST_FILE = YES;
				MARKETING_VERSION = 1.0;
				PRODUCT_BUNDLE_IDENTIFIER = "Seoul42-ios.ex00UITests";
				PRODUCT_NAME = "$(TARGET_NAME)";
				SWIFT_EMIT_LOC_STRINGS = NO;
				SWIFT_VERSION = 5.0;
				TARGETED_DEVICE_FAMILY = "1,2";
				TEST_TARGET_NAME = ex00;
			};
			name = Release;
		};
/* End XCBuildConfiguration section */

/* Begin XCConfigurationList section */
		FF3EF3E82AB41B58005AC6EB /* Build configuration list for PBXProject "ex00" */ = {
			isa = XCConfigurationList;
			buildConfigurations = (
				FF3EF40F2AB41B5A005AC6EB /* Debug */,
				FF3EF4102AB41B5A005AC6EB /* Release */,
			);
			defaultConfigurationIsVisible = 0;
			defaultConfigurationName = Release;
		};
		FF3EF4112AB41B5A005AC6EB /* Build configuration list for PBXNativeTarget "ex00" */ = {
			isa = XCConfigurationList;
			buildConfigurations = (
				FF3EF4122AB41B5A005AC6EB /* Debug */,
				FF3EF4132AB41B5A005AC6EB /* Release */,
			);
			defaultConfigurationIsVisible = 0;
			defaultConfigurationName = Release;
		};
		FF3EF4142AB41B5A005AC6EB /* Build configuration list for PBXNativeTarget "ex00Tests" */ = {
			isa = XCConfigurationList;
			buildConfigurations = (
				FF3EF4152AB41B5A005AC6EB /* Debug */,
				FF3EF4162AB41B5A005AC6EB /* Release */,
			);
			defaultConfigurationIsVisible = 0;
			defaultConfigurationName = Release;
		};
		FF3EF4172AB41B5A005AC6EB /* Build configuration list for PBXNativeTarget "ex00UITests" */ = {
			isa = XCConfigurationList;
			buildConfigurations = (
				FF3EF4182AB41B5A005AC6EB /* Debug */,
				FF3EF4192AB41B5A005AC6EB /* Release */,
			);
			defaultConfigurationIsVisible = 0;
			defaultConfigurationName = Release;
		};
/* End XCConfigurationList section */
	};
	rootObject = FF3EF3E52AB41B58005AC6EB /* Project object */;
}
