// !$*UTF8*$!
{
	archiveVersion = 1;
	classes = {
	};
	objectVersion = 56;
	objects = {

/* Begin PBXBuildFile section */
		FF3484792A9C930200C6CCFF /* ex00App.swift in Sources */ = {isa = PBXBuildFile; fileRef = FF3484782A9C930200C6CCFF /* ex00App.swift */; };
		FF34847B2A9C930200C6CCFF /* ContentView.swift in Sources */ = {isa = PBXBuildFile; fileRef = FF34847A2A9C930200C6CCFF /* ContentView.swift */; };
		FF34847D2A9C930300C6CCFF /* Assets.xcassets in Resources */ = {isa = PBXBuildFile; fileRef = FF34847C2A9C930300C6CCFF /* Assets.xcassets */; };
		FF3484802A9C930300C6CCFF /* Preview Assets.xcassets in Resources */ = {isa = PBXBuildFile; fileRef = FF34847F2A9C930300C6CCFF /* Preview Assets.xcassets */; };
		FF34848A2A9C930300C6CCFF /* ex00Tests.swift in Sources */ = {isa = PBXBuildFile; fileRef = FF3484892A9C930300C6CCFF /* ex00Tests.swift */; };
		FF3484942A9C930300C6CCFF /* ex00UITests.swift in Sources */ = {isa = PBXBuildFile; fileRef = FF3484932A9C930300C6CCFF /* ex00UITests.swift */; };
		FF3484962A9C930300C6CCFF /* ex00UITestsLaunchTests.swift in Sources */ = {isa = PBXBuildFile; fileRef = FF3484952A9C930300C6CCFF /* ex00UITestsLaunchTests.swift */; };
/* End PBXBuildFile section */

/* Begin PBXContainerItemProxy section */
		FF3484862A9C930300C6CCFF /* PBXContainerItemProxy */ = {
			isa = PBXContainerItemProxy;
			containerPortal = FF34846D2A9C930200C6CCFF /* Project object */;
			proxyType = 1;
			remoteGlobalIDString = FF3484742A9C930200C6CCFF;
			remoteInfo = ex00;
		};
		FF3484902A9C930300C6CCFF /* PBXContainerItemProxy */ = {
			isa = PBXContainerItemProxy;
			containerPortal = FF34846D2A9C930200C6CCFF /* Project object */;
			proxyType = 1;
			remoteGlobalIDString = FF3484742A9C930200C6CCFF;
			remoteInfo = ex00;
		};
/* End PBXContainerItemProxy section */

/* Begin PBXFileReference section */
		FF3484752A9C930200C6CCFF /* ex00.app */ = {isa = PBXFileReference; explicitFileType = wrapper.application; includeInIndex = 0; path = ex00.app; sourceTree = BUILT_PRODUCTS_DIR; };
		FF3484782A9C930200C6CCFF /* ex00App.swift */ = {isa = PBXFileReference; lastKnownFileType = sourcecode.swift; path = ex00App.swift; sourceTree = "<group>"; };
		FF34847A2A9C930200C6CCFF /* ContentView.swift */ = {isa = PBXFileReference; lastKnownFileType = sourcecode.swift; path = ContentView.swift; sourceTree = "<group>"; };
		FF34847C2A9C930300C6CCFF /* Assets.xcassets */ = {isa = PBXFileReference; lastKnownFileType = folder.assetcatalog; path = Assets.xcassets; sourceTree = "<group>"; };
		FF34847F2A9C930300C6CCFF /* Preview Assets.xcassets */ = {isa = PBXFileReference; lastKnownFileType = folder.assetcatalog; path = "Preview Assets.xcassets"; sourceTree = "<group>"; };
		FF3484852A9C930300C6CCFF /* ex00Tests.xctest */ = {isa = PBXFileReference; explicitFileType = wrapper.cfbundle; includeInIndex = 0; path = ex00Tests.xctest; sourceTree = BUILT_PRODUCTS_DIR; };
		FF3484892A9C930300C6CCFF /* ex00Tests.swift */ = {isa = PBXFileReference; lastKnownFileType = sourcecode.swift; path = ex00Tests.swift; sourceTree = "<group>"; };
		FF34848F2A9C930300C6CCFF /* ex00UITests.xctest */ = {isa = PBXFileReference; explicitFileType = wrapper.cfbundle; includeInIndex = 0; path = ex00UITests.xctest; sourceTree = BUILT_PRODUCTS_DIR; };
		FF3484932A9C930300C6CCFF /* ex00UITests.swift */ = {isa = PBXFileReference; lastKnownFileType = sourcecode.swift; path = ex00UITests.swift; sourceTree = "<group>"; };
		FF3484952A9C930300C6CCFF /* ex00UITestsLaunchTests.swift */ = {isa = PBXFileReference; lastKnownFileType = sourcecode.swift; path = ex00UITestsLaunchTests.swift; sourceTree = "<group>"; };
/* End PBXFileReference section */

/* Begin PBXFrameworksBuildPhase section */
		FF3484722A9C930200C6CCFF /* Frameworks */ = {
			isa = PBXFrameworksBuildPhase;
			buildActionMask = 2147483647;
			files = (
			);
			runOnlyForDeploymentPostprocessing = 0;
		};
		FF3484822A9C930300C6CCFF /* Frameworks */ = {
			isa = PBXFrameworksBuildPhase;
			buildActionMask = 2147483647;
			files = (
			);
			runOnlyForDeploymentPostprocessing = 0;
		};
		FF34848C2A9C930300C6CCFF /* Frameworks */ = {
			isa = PBXFrameworksBuildPhase;
			buildActionMask = 2147483647;
			files = (
			);
			runOnlyForDeploymentPostprocessing = 0;
		};
/* End PBXFrameworksBuildPhase section */

/* Begin PBXGroup section */
		FF34846C2A9C930200C6CCFF = {
			isa = PBXGroup;
			children = (
				FF3484772A9C930200C6CCFF /* ex00 */,
				FF3484882A9C930300C6CCFF /* ex00Tests */,
				FF3484922A9C930300C6CCFF /* ex00UITests */,
				FF3484762A9C930200C6CCFF /* Products */,
			);
			sourceTree = "<group>";
		};
		FF3484762A9C930200C6CCFF /* Products */ = {
			isa = PBXGroup;
			children = (
				FF3484752A9C930200C6CCFF /* ex00.app */,
				FF3484852A9C930300C6CCFF /* ex00Tests.xctest */,
				FF34848F2A9C930300C6CCFF /* ex00UITests.xctest */,
			);
			name = Products;
			sourceTree = "<group>";
		};
		FF3484772A9C930200C6CCFF /* ex00 */ = {
			isa = PBXGroup;
			children = (
				FF3484782A9C930200C6CCFF /* ex00App.swift */,
				FF34847A2A9C930200C6CCFF /* ContentView.swift */,
				FF34847C2A9C930300C6CCFF /* Assets.xcassets */,
				FF34847E2A9C930300C6CCFF /* Preview Content */,
			);
			path = ex00;
			sourceTree = "<group>";
		};
		FF34847E2A9C930300C6CCFF /* Preview Content */ = {
			isa = PBXGroup;
			children = (
				FF34847F2A9C930300C6CCFF /* Preview Assets.xcassets */,
			);
			path = "Preview Content";
			sourceTree = "<group>";
		};
		FF3484882A9C930300C6CCFF /* ex00Tests */ = {
			isa = PBXGroup;
			children = (
				FF3484892A9C930300C6CCFF /* ex00Tests.swift */,
			);
			path = ex00Tests;
			sourceTree = "<group>";
		};
		FF3484922A9C930300C6CCFF /* ex00UITests */ = {
			isa = PBXGroup;
			children = (
				FF3484932A9C930300C6CCFF /* ex00UITests.swift */,
				FF3484952A9C930300C6CCFF /* ex00UITestsLaunchTests.swift */,
			);
			path = ex00UITests;
			sourceTree = "<group>";
		};
/* End PBXGroup section */

/* Begin PBXNativeTarget section */
		FF3484742A9C930200C6CCFF /* ex00 */ = {
			isa = PBXNativeTarget;
			buildConfigurationList = FF3484992A9C930300C6CCFF /* Build configuration list for PBXNativeTarget "ex00" */;
			buildPhases = (
				FF3484712A9C930200C6CCFF /* Sources */,
				FF3484722A9C930200C6CCFF /* Frameworks */,
				FF3484732A9C930200C6CCFF /* Resources */,
			);
			buildRules = (
			);
			dependencies = (
			);
			name = ex00;
			productName = ex00;
			productReference = FF3484752A9C930200C6CCFF /* ex00.app */;
			productType = "com.apple.product-type.application";
		};
		FF3484842A9C930300C6CCFF /* ex00Tests */ = {
			isa = PBXNativeTarget;
			buildConfigurationList = FF34849C2A9C930300C6CCFF /* Build configuration list for PBXNativeTarget "ex00Tests" */;
			buildPhases = (
				FF3484812A9C930300C6CCFF /* Sources */,
				FF3484822A9C930300C6CCFF /* Frameworks */,
				FF3484832A9C930300C6CCFF /* Resources */,
			);
			buildRules = (
			);
			dependencies = (
				FF3484872A9C930300C6CCFF /* PBXTargetDependency */,
			);
			name = ex00Tests;
			productName = ex00Tests;
			productReference = FF3484852A9C930300C6CCFF /* ex00Tests.xctest */;
			productType = "com.apple.product-type.bundle.unit-test";
		};
		FF34848E2A9C930300C6CCFF /* ex00UITests */ = {
			isa = PBXNativeTarget;
			buildConfigurationList = FF34849F2A9C930300C6CCFF /* Build configuration list for PBXNativeTarget "ex00UITests" */;
			buildPhases = (
				FF34848B2A9C930300C6CCFF /* Sources */,
				FF34848C2A9C930300C6CCFF /* Frameworks */,
				FF34848D2A9C930300C6CCFF /* Resources */,
			);
			buildRules = (
			);
			dependencies = (
				FF3484912A9C930300C6CCFF /* PBXTargetDependency */,
			);
			name = ex00UITests;
			productName = ex00UITests;
			productReference = FF34848F2A9C930300C6CCFF /* ex00UITests.xctest */;
			productType = "com.apple.product-type.bundle.ui-testing";
		};
/* End PBXNativeTarget section */

/* Begin PBXProject section */
		FF34846D2A9C930200C6CCFF /* Project object */ = {
			isa = PBXProject;
			attributes = {
				BuildIndependentTargetsInParallel = 1;
				LastSwiftUpdateCheck = 1430;
				LastUpgradeCheck = 1430;
				TargetAttributes = {
					FF3484742A9C930200C6CCFF = {
						CreatedOnToolsVersion = 14.3.1;
					};
					FF3484842A9C930300C6CCFF = {
						CreatedOnToolsVersion = 14.3.1;
						TestTargetID = FF3484742A9C930200C6CCFF;
					};
					FF34848E2A9C930300C6CCFF = {
						CreatedOnToolsVersion = 14.3.1;
						TestTargetID = FF3484742A9C930200C6CCFF;
					};
				};
			};
			buildConfigurationList = FF3484702A9C930200C6CCFF /* Build configuration list for PBXProject "ex00" */;
			compatibilityVersion = "Xcode 14.0";
			developmentRegion = en;
			hasScannedForEncodings = 0;
			knownRegions = (
				en,
				Base,
			);
			mainGroup = FF34846C2A9C930200C6CCFF;
			productRefGroup = FF3484762A9C930200C6CCFF /* Products */;
			projectDirPath = "";
			projectRoot = "";
			targets = (
				FF3484742A9C930200C6CCFF /* ex00 */,
				FF3484842A9C930300C6CCFF /* ex00Tests */,
				FF34848E2A9C930300C6CCFF /* ex00UITests */,
			);
		};
/* End PBXProject section */

/* Begin PBXResourcesBuildPhase section */
		FF3484732A9C930200C6CCFF /* Resources */ = {
			isa = PBXResourcesBuildPhase;
			buildActionMask = 2147483647;
			files = (
				FF3484802A9C930300C6CCFF /* Preview Assets.xcassets in Resources */,
				FF34847D2A9C930300C6CCFF /* Assets.xcassets in Resources */,
			);
			runOnlyForDeploymentPostprocessing = 0;
		};
		FF3484832A9C930300C6CCFF /* Resources */ = {
			isa = PBXResourcesBuildPhase;
			buildActionMask = 2147483647;
			files = (
			);
			runOnlyForDeploymentPostprocessing = 0;
		};
		FF34848D2A9C930300C6CCFF /* Resources */ = {
			isa = PBXResourcesBuildPhase;
			buildActionMask = 2147483647;
			files = (
			);
			runOnlyForDeploymentPostprocessing = 0;
		};
/* End PBXResourcesBuildPhase section */

/* Begin PBXSourcesBuildPhase section */
		FF3484712A9C930200C6CCFF /* Sources */ = {
			isa = PBXSourcesBuildPhase;
			buildActionMask = 2147483647;
			files = (
				FF34847B2A9C930200C6CCFF /* ContentView.swift in Sources */,
				FF3484792A9C930200C6CCFF /* ex00App.swift in Sources */,
			);
			runOnlyForDeploymentPostprocessing = 0;
		};
		FF3484812A9C930300C6CCFF /* Sources */ = {
			isa = PBXSourcesBuildPhase;
			buildActionMask = 2147483647;
			files = (
				FF34848A2A9C930300C6CCFF /* ex00Tests.swift in Sources */,
			);
			runOnlyForDeploymentPostprocessing = 0;
		};
		FF34848B2A9C930300C6CCFF /* Sources */ = {
			isa = PBXSourcesBuildPhase;
			buildActionMask = 2147483647;
			files = (
				FF3484942A9C930300C6CCFF /* ex00UITests.swift in Sources */,
				FF3484962A9C930300C6CCFF /* ex00UITestsLaunchTests.swift in Sources */,
			);
			runOnlyForDeploymentPostprocessing = 0;
		};
/* End PBXSourcesBuildPhase section */

/* Begin PBXTargetDependency section */
		FF3484872A9C930300C6CCFF /* PBXTargetDependency */ = {
			isa = PBXTargetDependency;
			target = FF3484742A9C930200C6CCFF /* ex00 */;
			targetProxy = FF3484862A9C930300C6CCFF /* PBXContainerItemProxy */;
		};
		FF3484912A9C930300C6CCFF /* PBXTargetDependency */ = {
			isa = PBXTargetDependency;
			target = FF3484742A9C930200C6CCFF /* ex00 */;
			targetProxy = FF3484902A9C930300C6CCFF /* PBXContainerItemProxy */;
		};
/* End PBXTargetDependency section */

/* Begin XCBuildConfiguration section */
		FF3484972A9C930300C6CCFF /* Debug */ = {
			isa = XCBuildConfiguration;
			buildSettings = {
				ALWAYS_SEARCH_USER_PATHS = NO;
				CLANG_ANALYZER_NONNULL = YES;
				CLANG_ANALYZER_NUMBER_OBJECT_CONVERSION = YES_AGGRESSIVE;
				CLANG_CXX_LANGUAGE_STANDARD = "gnu++20";
				CLANG_ENABLE_MODULES = YES;
				CLANG_ENABLE_OBJC_ARC = YES;
				CLANG_ENABLE_OBJC_WEAK = YES;
				CLANG_WARN_BLOCK_CAPTURE_AUTORELEASING = YES;
				CLANG_WARN_BOOL_CONVERSION = YES;
				CLANG_WARN_COMMA = YES;
				CLANG_WARN_CONSTANT_CONVERSION = YES;
				CLANG_WARN_DEPRECATED_OBJC_IMPLEMENTATIONS = YES;
				CLANG_WARN_DIRECT_OBJC_ISA_USAGE = YES_ERROR;
				CLANG_WARN_DOCUMENTATION_COMMENTS = YES;
				CLANG_WARN_EMPTY_BODY = YES;
				CLANG_WARN_ENUM_CONVERSION = YES;
				CLANG_WARN_INFINITE_RECURSION = YES;
				CLANG_WARN_INT_CONVERSION = YES;
				CLANG_WARN_NON_LITERAL_NULL_CONVERSION = YES;
				CLANG_WARN_OBJC_IMPLICIT_RETAIN_SELF = YES;
				CLANG_WARN_OBJC_LITERAL_CONVERSION = YES;
				CLANG_WARN_OBJC_ROOT_CLASS = YES_ERROR;
				CLANG_WARN_QUOTED_INCLUDE_IN_FRAMEWORK_HEADER = YES;
				CLANG_WARN_RANGE_LOOP_ANALYSIS = YES;
				CLANG_WARN_STRICT_PROTOTYPES = YES;
				CLANG_WARN_SUSPICIOUS_MOVE = YES;
				CLANG_WARN_UNGUARDED_AVAILABILITY = YES_AGGRESSIVE;
				CLANG_WARN_UNREACHABLE_CODE = YES;
				CLANG_WARN__DUPLICATE_METHOD_MATCH = YES;
				COPY_PHASE_STRIP = NO;
				DEBUG_INFORMATION_FORMAT = dwarf;
				ENABLE_STRICT_OBJC_MSGSEND = YES;
				ENABLE_TESTABILITY = YES;
				GCC_C_LANGUAGE_STANDARD = gnu11;
				GCC_DYNAMIC_NO_PIC = NO;
				GCC_NO_COMMON_BLOCKS = YES;
				GCC_OPTIMIZATION_LEVEL = 0;
				GCC_PREPROCESSOR_DEFINITIONS = (
					"DEBUG=1",
					"$(inherited)",
				);
				GCC_WARN_64_TO_32_BIT_CONVERSION = YES;
				GCC_WARN_ABOUT_RETURN_TYPE = YES_ERROR;
				GCC_WARN_UNDECLARED_SELECTOR = YES;
				GCC_WARN_UNINITIALIZED_AUTOS = YES_AGGRESSIVE;
				GCC_WARN_UNUSED_FUNCTION = YES;
				GCC_WARN_UNUSED_VARIABLE = YES;
				IPHONEOS_DEPLOYMENT_TARGET = 16.4;
				MTL_ENABLE_DEBUG_INFO = INCLUDE_SOURCE;
				MTL_FAST_MATH = YES;
				ONLY_ACTIVE_ARCH = YES;
				SDKROOT = iphoneos;
				SWIFT_ACTIVE_COMPILATION_CONDITIONS = DEBUG;
				SWIFT_OPTIMIZATION_LEVEL = "-Onone";
			};
			name = Debug;
		};
		FF3484982A9C930300C6CCFF /* Release */ = {
			isa = XCBuildConfiguration;
			buildSettings = {
				ALWAYS_SEARCH_USER_PATHS = NO;
				CLANG_ANALYZER_NONNULL = YES;
				CLANG_ANALYZER_NUMBER_OBJECT_CONVERSION = YES_AGGRESSIVE;
				CLANG_CXX_LANGUAGE_STANDARD = "gnu++20";
				CLANG_ENABLE_MODULES = YES;
				CLANG_ENABLE_OBJC_ARC = YES;
				CLANG_ENABLE_OBJC_WEAK = YES;
				CLANG_WARN_BLOCK_CAPTURE_AUTORELEASING = YES;
				CLANG_WARN_BOOL_CONVERSION = YES;
				CLANG_WARN_COMMA = YES;
				CLANG_WARN_CONSTANT_CONVERSION = YES;
				CLANG_WARN_DEPRECATED_OBJC_IMPLEMENTATIONS = YES;
				CLANG_WARN_DIRECT_OBJC_ISA_USAGE = YES_ERROR;
				CLANG_WARN_DOCUMENTATION_COMMENTS = YES;
				CLANG_WARN_EMPTY_BODY = YES;
				CLANG_WARN_ENUM_CONVERSION = YES;
				CLANG_WARN_INFINITE_RECURSION = YES;
				CLANG_WARN_INT_CONVERSION = YES;
				CLANG_WARN_NON_LITERAL_NULL_CONVERSION = YES;
				CLANG_WARN_OBJC_IMPLICIT_RETAIN_SELF = YES;
				CLANG_WARN_OBJC_LITERAL_CONVERSION = YES;
				CLANG_WARN_OBJC_ROOT_CLASS = YES_ERROR;
				CLANG_WARN_QUOTED_INCLUDE_IN_FRAMEWORK_HEADER = YES;
				CLANG_WARN_RANGE_LOOP_ANALYSIS = YES;
				CLANG_WARN_STRICT_PROTOTYPES = YES;
				CLANG_WARN_SUSPICIOUS_MOVE = YES;
				CLANG_WARN_UNGUARDED_AVAILABILITY = YES_AGGRESSIVE;
				CLANG_WARN_UNREACHABLE_CODE = YES;
				CLANG_WARN__DUPLICATE_METHOD_MATCH = YES;
				COPY_PHASE_STRIP = NO;
				DEBUG_INFORMATION_FORMAT = "dwarf-with-dsym";
				ENABLE_NS_ASSERTIONS = NO;
				ENABLE_STRICT_OBJC_MSGSEND = YES;
				GCC_C_LANGUAGE_STANDARD = gnu11;
				GCC_NO_COMMON_BLOCKS = YES;
				GCC_WARN_64_TO_32_BIT_CONVERSION = YES;
				GCC_WARN_ABOUT_RETURN_TYPE = YES_ERROR;
				GCC_WARN_UNDECLARED_SELECTOR = YES;
				GCC_WARN_UNINITIALIZED_AUTOS = YES_AGGRESSIVE;
				GCC_WARN_UNUSED_FUNCTION = YES;
				GCC_WARN_UNUSED_VARIABLE = YES;
				IPHONEOS_DEPLOYMENT_TARGET = 16.4;
				MTL_ENABLE_DEBUG_INFO = NO;
				MTL_FAST_MATH = YES;
				SDKROOT = iphoneos;
				SWIFT_COMPILATION_MODE = wholemodule;
				SWIFT_OPTIMIZATION_LEVEL = "-O";
				VALIDATE_PRODUCT = YES;
			};
			name = Release;
		};
		FF34849A2A9C930300C6CCFF /* Debug */ = {
			isa = XCBuildConfiguration;
			buildSettings = {
				ASSETCATALOG_COMPILER_APPICON_NAME = AppIcon;
				ASSETCATALOG_COMPILER_GLOBAL_ACCENT_COLOR_NAME = AccentColor;
				CODE_SIGN_STYLE = Automatic;
				CURRENT_PROJECT_VERSION = 1;
				DEVELOPMENT_ASSET_PATHS = "\"ex00/Preview Content\"";
				ENABLE_PREVIEWS = YES;
				GENERATE_INFOPLIST_FILE = YES;
				INFOPLIST_KEY_UIApplicationSceneManifest_Generation = YES;
				INFOPLIST_KEY_UIApplicationSupportsIndirectInputEvents = YES;
				INFOPLIST_KEY_UILaunchScreen_Generation = YES;
				INFOPLIST_KEY_UISupportedInterfaceOrientations_iPad = "UIInterfaceOrientationPortrait UIInterfaceOrientationPortraitUpsideDown UIInterfaceOrientationLandscapeLeft UIInterfaceOrientationLandscapeRight";
				INFOPLIST_KEY_UISupportedInterfaceOrientations_iPhone = "UIInterfaceOrientationPortrait UIInterfaceOrientationLandscapeLeft UIInterfaceOrientationLandscapeRight";
				LD_RUNPATH_SEARCH_PATHS = (
					"$(inherited)",
					"@executable_path/Frameworks",
				);
				MARKETING_VERSION = 1.0;
				PRODUCT_BUNDLE_IDENTIFIER = "Seoul42-ios.ex00";
				PRODUCT_NAME = "$(TARGET_NAME)";
				SWIFT_EMIT_LOC_STRINGS = YES;
				SWIFT_VERSION = 5.0;
				TARGETED_DEVICE_FAMILY = "1,2";
			};
			name = Debug;
		};
		FF34849B2A9C930300C6CCFF /* Release */ = {
			isa = XCBuildConfiguration;
			buildSettings = {
				ASSETCATALOG_COMPILER_APPICON_NAME = AppIcon;
				ASSETCATALOG_COMPILER_GLOBAL_ACCENT_COLOR_NAME = AccentColor;
				CODE_SIGN_STYLE = Automatic;
				CURRENT_PROJECT_VERSION = 1;
				DEVELOPMENT_ASSET_PATHS = "\"ex00/Preview Content\"";
				ENABLE_PREVIEWS = YES;
				GENERATE_INFOPLIST_FILE = YES;
				INFOPLIST_KEY_UIApplicationSceneManifest_Generation = YES;
				INFOPLIST_KEY_UIApplicationSupportsIndirectInputEvents = YES;
				INFOPLIST_KEY_UILaunchScreen_Generation = YES;
				INFOPLIST_KEY_UISupportedInterfaceOrientations_iPad = "UIInterfaceOrientationPortrait UIInterfaceOrientationPortraitUpsideDown UIInterfaceOrientationLandscapeLeft UIInterfaceOrientationLandscapeRight";
				INFOPLIST_KEY_UISupportedInterfaceOrientations_iPhone = "UIInterfaceOrientationPortrait UIInterfaceOrientationLandscapeLeft UIInterfaceOrientationLandscapeRight";
				LD_RUNPATH_SEARCH_PATHS = (
					"$(inherited)",
					"@executable_path/Frameworks",
				);
				MARKETING_VERSION = 1.0;
				PRODUCT_BUNDLE_IDENTIFIER = "Seoul42-ios.ex00";
				PRODUCT_NAME = "$(TARGET_NAME)";
				SWIFT_EMIT_LOC_STRINGS = YES;
				SWIFT_VERSION = 5.0;
				TARGETED_DEVICE_FAMILY = "1,2";
			};
			name = Release;
		};
		FF34849D2A9C930300C6CCFF /* Debug */ = {
			isa = XCBuildConfiguration;
			buildSettings = {
				ALWAYS_EMBED_SWIFT_STANDARD_LIBRARIES = YES;
				BUNDLE_LOADER = "$(TEST_HOST)";
				CODE_SIGN_STYLE = Automatic;
				CURRENT_PROJECT_VERSION = 1;
				GENERATE_INFOPLIST_FILE = YES;
				IPHONEOS_DEPLOYMENT_TARGET = 16.4;
				MARKETING_VERSION = 1.0;
				PRODUCT_BUNDLE_IDENTIFIER = "Seoul42-ios.ex00Tests";
				PRODUCT_NAME = "$(TARGET_NAME)";
				SWIFT_EMIT_LOC_STRINGS = NO;
				SWIFT_VERSION = 5.0;
				TARGETED_DEVICE_FAMILY = "1,2";
				TEST_HOST = "$(BUILT_PRODUCTS_DIR)/ex00.app/$(BUNDLE_EXECUTABLE_FOLDER_PATH)/ex00";
			};
			name = Debug;
		};
		FF34849E2A9C930300C6CCFF /* Release */ = {
			isa = XCBuildConfiguration;
			buildSettings = {
				ALWAYS_EMBED_SWIFT_STANDARD_LIBRARIES = YES;
				BUNDLE_LOADER = "$(TEST_HOST)";
				CODE_SIGN_STYLE = Automatic;
				CURRENT_PROJECT_VERSION = 1;
				GENERATE_INFOPLIST_FILE = YES;
				IPHONEOS_DEPLOYMENT_TARGET = 16.4;
				MARKETING_VERSION = 1.0;
				PRODUCT_BUNDLE_IDENTIFIER = "Seoul42-ios.ex00Tests";
				PRODUCT_NAME = "$(TARGET_NAME)";
				SWIFT_EMIT_LOC_STRINGS = NO;
				SWIFT_VERSION = 5.0;
				TARGETED_DEVICE_FAMILY = "1,2";
				TEST_HOST = "$(BUILT_PRODUCTS_DIR)/ex00.app/$(BUNDLE_EXECUTABLE_FOLDER_PATH)/ex00";
			};
			name = Release;
		};
		FF3484A02A9C930300C6CCFF /* Debug */ = {
			isa = XCBuildConfiguration;
			buildSettings = {
				ALWAYS_EMBED_SWIFT_STANDARD_LIBRARIES = YES;
				CODE_SIGN_STYLE = Automatic;
				CURRENT_PROJECT_VERSION = 1;
				GENERATE_INFOPLIST_FILE = YES;
				MARKETING_VERSION = 1.0;
				PRODUCT_BUNDLE_IDENTIFIER = "Seoul42-ios.ex00UITests";
				PRODUCT_NAME = "$(TARGET_NAME)";
				SWIFT_EMIT_LOC_STRINGS = NO;
				SWIFT_VERSION = 5.0;
				TARGETED_DEVICE_FAMILY = "1,2";
				TEST_TARGET_NAME = ex00;
			};
			name = Debug;
		};
		FF3484A12A9C930300C6CCFF /* Release */ = {
			isa = XCBuildConfiguration;
			buildSettings = {
				ALWAYS_EMBED_SWIFT_STANDARD_LIBRARIES = YES;
				CODE_SIGN_STYLE = Automatic;
				CURRENT_PROJECT_VERSION = 1;
				GENERATE_INFOPLIST_FILE = YES;
				MARKETING_VERSION = 1.0;
				PRODUCT_BUNDLE_IDENTIFIER = "Seoul42-ios.ex00UITests";
				PRODUCT_NAME = "$(TARGET_NAME)";
				SWIFT_EMIT_LOC_STRINGS = NO;
				SWIFT_VERSION = 5.0;
				TARGETED_DEVICE_FAMILY = "1,2";
				TEST_TARGET_NAME = ex00;
			};
			name = Release;
		};
/* End XCBuildConfiguration section */

/* Begin XCConfigurationList section */
		FF3484702A9C930200C6CCFF /* Build configuration list for PBXProject "ex00" */ = {
			isa = XCConfigurationList;
			buildConfigurations = (
				FF3484972A9C930300C6CCFF /* Debug */,
				FF3484982A9C930300C6CCFF /* Release */,
			);
			defaultConfigurationIsVisible = 0;
			defaultConfigurationName = Release;
		};
		FF3484992A9C930300C6CCFF /* Build configuration list for PBXNativeTarget "ex00" */ = {
			isa = XCConfigurationList;
			buildConfigurations = (
				FF34849A2A9C930300C6CCFF /* Debug */,
				FF34849B2A9C930300C6CCFF /* Release */,
			);
			defaultConfigurationIsVisible = 0;
			defaultConfigurationName = Release;
		};
		FF34849C2A9C930300C6CCFF /* Build configuration list for PBXNativeTarget "ex00Tests" */ = {
			isa = XCConfigurationList;
			buildConfigurations = (
				FF34849D2A9C930300C6CCFF /* Debug */,
				FF34849E2A9C930300C6CCFF /* Release */,
			);
			defaultConfigurationIsVisible = 0;
			defaultConfigurationName = Release;
		};
		FF34849F2A9C930300C6CCFF /* Build configuration list for PBXNativeTarget "ex00UITests" */ = {
			isa = XCConfigurationList;
			buildConfigurations = (
				FF3484A02A9C930300C6CCFF /* Debug */,
				FF3484A12A9C930300C6CCFF /* Release */,
			);
			defaultConfigurationIsVisible = 0;
			defaultConfigurationName = Release;
		};
/* End XCConfigurationList section */
	};
	rootObject = FF34846D2A9C930200C6CCFF /* Project object */;
}
